// !$*UTF8*$!
{
	archiveVersion = 1;
	classes = {
	};
	objectVersion = 46;
	objects = {

/* Begin PBXFileReference section */
		0811294D1AD6A05D00E616F4 /* Blah.java */ = {isa = PBXFileReference; lastKnownFileType = sourcecode.java; path = Blah.java; sourceTree = "<group>"; };
		0811294E1AD6A05D00E616F4 /* Interpretador.java */ = {isa = PBXFileReference; lastKnownFileType = sourcecode.java; path = Interpretador.java; sourceTree = "<group>"; };
		0811294F1AD6A05D00E616F4 /* teste.Blah */ = {isa = PBXFileReference; lastKnownFileType = text; path = teste.Blah; sourceTree = "<group>"; };
		081129501AD6A05D00E616F4 /* tokanizer.java */ = {isa = PBXFileReference; lastKnownFileType = sourcecode.java; path = tokanizer.java; sourceTree = "<group>"; };
		081129521AD6A05D00E616F4 /* McToy.java */ = {isa = PBXFileReference; lastKnownFileType = sourcecode.java; path = McToy.java; sourceTree = "<group>"; };
		081129531AD6A05D00E616F4 /* teste.McToy */ = {isa = PBXFileReference; lastKnownFileType = text; path = teste.McToy; sourceTree = "<group>"; };
		081129541AD6A05D00E616F4 /* tokanizer.java */ = {isa = PBXFileReference; lastKnownFileType = sourcecode.java; path = tokanizer.java; sourceTree = "<group>"; };
		081129551AD6A42300E616F4 /* Main.java */ = {isa = PBXFileReference; lastKnownFileType = sourcecode.java; path = Main.java; sourceTree = "<group>"; };
		0829296B1AE534BE009CB50E /* Variavel.java */ = {isa = PBXFileReference; lastKnownFileType = sourcecode.java; path = Variavel.java; sourceTree = "<group>"; };
		0838C6BF1AEA6A82009F11B1 /* Atribuicao.java */ = {isa = PBXFileReference; lastKnownFileType = sourcecode.java; path = Atribuicao.java; sourceTree = "<group>"; };
		0838C6C01AEA6A82009F11B1 /* ControleFluxo.java */ = {isa = PBXFileReference; lastKnownFileType = sourcecode.java; path = ControleFluxo.java; sourceTree = "<group>"; };
		0838C6C11AEA6A82009F11B1 /* Declaracao.java */ = {isa = PBXFileReference; lastKnownFileType = sourcecode.java; path = Declaracao.java; sourceTree = "<group>"; };
		08AB6C861AE90E4E0040158A /* Logicos.java */ = {isa = PBXFileReference; lastKnownFileType = sourcecode.java; path = Logicos.java; sourceTree = "<group>"; };
		08BCBC201AD5692C001582C8 /* Toy.java */ = {isa = PBXFileReference; lastKnownFileType = sourcecode.java; path = Toy.java; sourceTree = "<group>"; };
		08BCBC211AD59D3A001582C8 /* Interpretador.java */ = {isa = PBXFileReference; lastKnownFileType = sourcecode.java; path = Interpretador.java; sourceTree = "<group>"; };
		08BCBC221AD59DD7001582C8 /* teste.Toy */ = {isa = PBXFileReference; lastKnownFileType = text; path = teste.Toy; sourceTree = "<group>"; };
		08EA67E21AE2876F00028556 /* Arquivador.java */ = {isa = PBXFileReference; lastKnownFileType = sourcecode.java; path = Arquivador.java; sourceTree = "<group>"; };
/* End PBXFileReference section */

/* Begin PBXGroup section */
		0811294B1AD6A05D00E616F4 /* testes */ = {
			isa = PBXGroup;
			children = (
				0811294C1AD6A05D00E616F4 /* Exemplo Interpretador */,
				081129511AD6A05D00E616F4 /* teste de leitura */,
				081129541AD6A05D00E616F4 /* tokanizer.java */,
			);
			path = testes;
			sourceTree = "<group>";
		};
		0811294C1AD6A05D00E616F4 /* Exemplo Interpretador */ = {
			isa = PBXGroup;
			children = (
				0811294D1AD6A05D00E616F4 /* Blah.java */,
				0811294E1AD6A05D00E616F4 /* Interpretador.java */,
				0811294F1AD6A05D00E616F4 /* teste.Blah */,
				081129501AD6A05D00E616F4 /* tokanizer.java */,
			);
			path = "Exemplo Interpretador";
			sourceTree = "<group>";
		};
		081129511AD6A05D00E616F4 /* teste de leitura */ = {
			isa = PBXGroup;
			children = (
				081129521AD6A05D00E616F4 /* McToy.java */,
				081129551AD6A42300E616F4 /* Main.java */,
				081129531AD6A05D00E616F4 /* teste.McToy */,
			);
			path = "teste de leitura";
			sourceTree = "<group>";
		};
		083EC2EE1AD462F20070632C = {
			isa = PBXGroup;
			children = (
				0811294B1AD6A05D00E616F4 /* testes */,
				083EC3001AD4648D0070632C /* Exemplos */,
				083EC2FD1AD464410070632C /* Fonte */,
			);
			sourceTree = "<group>";
		};
		083EC2FD1AD464410070632C /* Fonte */ = {
			isa = PBXGroup;
			children = (
				08BCBC201AD5692C001582C8 /* Toy.java */,
				08BCBC221AD59DD7001582C8 /* teste.Toy */,
				08EA67E21AE2876F00028556 /* Arquivador.java */,
				08BCBC211AD59D3A001582C8 /* Interpretador.java */,
				08AB6C861AE90E4E0040158A /* Logicos.java */,
				0829296B1AE534BE009CB50E /* Variavel.java */,
				0838C6BF1AEA6A82009F11B1 /* Atribuicao.java */,
				0838C6C01AEA6A82009F11B1 /* ControleFluxo.java */,
				0838C6C11AEA6A82009F11B1 /* Declaracao.java */,
			);
			path = Fonte;
			sourceTree = "<group>";
		};
		083EC3001AD4648D0070632C /* Exemplos */ = {
			isa = PBXGroup;
			children = (
			);
			path = Exemplos;
			sourceTree = "<group>";
		};
/* End PBXGroup section */

/* Begin PBXProject section */
		083EC2EF1AD462F20070632C /* Project object */ = {
			isa = PBXProject;
			attributes = {
				LastUpgradeCheck = 0510;
			};
			buildConfigurationList = 083EC2F21AD462F20070632C /* Build configuration list for PBXProject "McToy" */;
			compatibilityVersion = "Xcode 3.2";
			developmentRegion = English;
			hasScannedForEncodings = 0;
			knownRegions = (
				en,
			);
			mainGroup = 083EC2EE1AD462F20070632C;
			projectDirPath = "";
			projectRoot = "";
			targets = (
			);
		};
/* End PBXProject section */

/* Begin XCBuildConfiguration section */
		083EC2F31AD462F20070632C /* Debug */ = {
			isa = XCBuildConfiguration;
			buildSettings = {
			};
			name = Debug;
		};
		083EC2F41AD462F20070632C /* Release */ = {
			isa = XCBuildConfiguration;
			buildSettings = {
			};
			name = Release;
		};
/* End XCBuildConfiguration section */

/* Begin XCConfigurationList section */
		083EC2F21AD462F20070632C /* Build configuration list for PBXProject "McToy" */ = {
			isa = XCConfigurationList;
			buildConfigurations = (
				083EC2F31AD462F20070632C /* Debug */,
				083EC2F41AD462F20070632C /* Release */,
			);
			defaultConfigurationIsVisible = 0;
			defaultConfigurationName = Release;
		};
/* End XCConfigurationList section */
	};
	rootObject = 083EC2EF1AD462F20070632C /* Project object */;
}
