// !$*UTF8*$!
{
	archiveVersion = 1;
	classes = {
	};
	objectVersion = 46;
	objects = {

/* Begin PBXFileReference section */
		0811294D1AD6A05D00E616F4 /* Blah.java */ = {isa = PBXFileReference; lastKnownFileType = sourcecode.java; path = Blah.java; sourceTree = "<group>"; };
		0811294E1AD6A05D00E616F4 /* Interpretador.java */ = {isa = PBXFileReference; lastKnownFileType = sourcecode.java; path = Interpretador.java; sourceTree = "<group>"; };
		0811294F1AD6A05D00E616F4 /* teste.Blah */ = {isa = PBXFileReference; lastKnownFileType = text; path = teste.Blah; sourceTree = "<group>"; };
		081129501AD6A05D00E616F4 /* tokanizer.java */ = {isa = PBXFileReference; lastKnownFileType = sourcecode.java; path = tokanizer.java; sourceTree = "<group>"; };
		081129521AD6A05D00E616F4 /* McToy.java */ = {isa = PBXFileReference; lastKnownFileType = sourcecode.java; path = McToy.java; sourceTree = "<group>"; };
		081129531AD6A05D00E616F4 /* teste.McToy */ = {isa = PBXFileReference; lastKnownFileType = text; path = teste.McToy; sourceTree = "<group>"; };
		081129541AD6A05D00E616F4 /* tokanizer.java */ = {isa = PBXFileReference; lastKnownFileType = sourcecode.java; path = tokanizer.java; sourceTree = "<group>"; };
		081129551AD6A42300E616F4 /* Main.java */ = {isa = PBXFileReference; lastKnownFileType = sourcecode.java; path = Main.java; sourceTree = "<group>"; };
		0822E4D21AFCF712007D62AA /* Matematica.java */ = {isa = PBXFileReference; lastKnownFileType = sourcecode.java; path = Matematica.java; sourceTree = "<group>"; };
		0829296B1AE534BE009CB50E /* Variavel.java */ = {isa = PBXFileReference; lastKnownFileType = sourcecode.java; path = Variavel.java; sourceTree = "<group>"; };
		0834D2D11B05760500DDC07E /* Ex1.Toy */ = {isa = PBXFileReference; lastKnownFileType = text; path = Ex1.Toy; sourceTree = "<group>"; };
		0834D2D21B05763B00DDC07E /* Ex2.Toy */ = {isa = PBXFileReference; lastKnownFileType = text; path = Ex2.Toy; sourceTree = "<group>"; };
		0834D2D41B05777500DDC07E /* Ex3.Toy */ = {isa = PBXFileReference; lastKnownFileType = text; path = Ex3.Toy; sourceTree = "<group>"; };
		0834D2D51B05783400DDC07E /* Ex4.Toy */ = {isa = PBXFileReference; lastKnownFileType = text; path = Ex4.Toy; sourceTree = "<group>"; };
		087FDE7B1AF3F526001BD252 /* Codigo.java */ = {isa = PBXFileReference; lastKnownFileType = sourcecode.java; path = Codigo.java; sourceTree = "<group>"; };
		088BA7D71AFB84B100377F44 /* Fluxo.java */ = {isa = PBXFileReference; lastKnownFileType = sourcecode.java; path = Fluxo.java; sourceTree = "<group>"; };
		08AB6C861AE90E4E0040158A /* Logicos.java */ = {isa = PBXFileReference; lastKnownFileType = sourcecode.java; path = Logicos.java; sourceTree = "<group>"; };
		08BCBC201AD5692C001582C8 /* Toy.java */ = {isa = PBXFileReference; lastKnownFileType = sourcecode.java; path = Toy.java; sourceTree = "<group>"; };
		08BCBC211AD59D3A001582C8 /* Interpretador.java */ = {isa = PBXFileReference; lastKnownFileType = sourcecode.java; path = Interpretador.java; sourceTree = "<group>"; };
		08CB7D701AFFD999007EA6BE /* Laco.java */ = {isa = PBXFileReference; lastKnownFileType = sourcecode.java; path = Laco.java; sourceTree = "<group>"; };
		08CB7D711AFFFDFC007EA6BE /* Amostra.java */ = {isa = PBXFileReference; lastKnownFileType = sourcecode.java; path = Amostra.java; sourceTree = "<group>"; };
		08CB7D721B0035E0007EA6BE /* Scan.java */ = {isa = PBXFileReference; lastKnownFileType = sourcecode.java; path = Scan.java; sourceTree = "<group>"; };
		08EA67E21AE2876F00028556 /* Arquivador.java */ = {isa = PBXFileReference; lastKnownFileType = sourcecode.java; path = Arquivador.java; sourceTree = "<group>"; };
		08F2854F1B05FA3500131E73 /* manifest.txt */ = {isa = PBXFileReference; lastKnownFileType = text; name = manifest.txt; path = Fonte/manifest.txt; sourceTree = SOURCE_ROOT; };
		08F285501B060B3400131E73 /* Ex.Toy */ = {isa = PBXFileReference; lastKnownFileType = text; path = Ex.Toy; sourceTree = SOURCE_ROOT; };
		08F285521B060BA600131E73 /* Ex.Toy */ = {isa = PBXFileReference; lastKnownFileType = text; path = Ex.Toy; sourceTree = "<group>"; };
		08F285541B060BA600131E73 /* Ex1.Toy */ = {isa = PBXFileReference; lastKnownFileType = text; path = Ex1.Toy; sourceTree = "<group>"; };
		08F285551B060BA600131E73 /* Ex2.Toy */ = {isa = PBXFileReference; lastKnownFileType = text; path = Ex2.Toy; sourceTree = "<group>"; };
		08F285561B060BA600131E73 /* Ex3.Toy */ = {isa = PBXFileReference; lastKnownFileType = text; path = Ex3.Toy; sourceTree = "<group>"; };
		08F285571B060BA600131E73 /* Ex4.Toy */ = {isa = PBXFileReference; lastKnownFileType = text; path = Ex4.Toy; sourceTree = "<group>"; };
		08F285581B060BA600131E73 /* File */ = {isa = PBXFileReference; lastKnownFileType = text; path = File; sourceTree = "<group>"; };
		08F2855A1B060BA600131E73 /* Amostra.class */ = {isa = PBXFileReference; lastKnownFileType = compiled.javaclass; path = Amostra.class; sourceTree = "<group>"; };
		08F2855B1B060BA600131E73 /* Amostra.java */ = {isa = PBXFileReference; lastKnownFileType = sourcecode.java; path = Amostra.java; sourceTree = "<group>"; };
		08F2855C1B060BA600131E73 /* Arquivador.class */ = {isa = PBXFileReference; lastKnownFileType = compiled.javaclass; path = Arquivador.class; sourceTree = "<group>"; };
		08F2855D1B060BA600131E73 /* Arquivador.java */ = {isa = PBXFileReference; lastKnownFileType = sourcecode.java; path = Arquivador.java; sourceTree = "<group>"; };
		08F2855E1B060BA600131E73 /* Codigo.class */ = {isa = PBXFileReference; lastKnownFileType = compiled.javaclass; path = Codigo.class; sourceTree = "<group>"; };
		08F2855F1B060BA600131E73 /* Codigo.java */ = {isa = PBXFileReference; lastKnownFileType = sourcecode.java; path = Codigo.java; sourceTree = "<group>"; };
		08F285601B060BA600131E73 /* Ex.Toy */ = {isa = PBXFileReference; lastKnownFileType = text; path = Ex.Toy; sourceTree = "<group>"; };
		08F285611B060BA600131E73 /* Fluxo.class */ = {isa = PBXFileReference; lastKnownFileType = compiled.javaclass; path = Fluxo.class; sourceTree = "<group>"; };
		08F285621B060BA600131E73 /* Fluxo.java */ = {isa = PBXFileReference; lastKnownFileType = sourcecode.java; path = Fluxo.java; sourceTree = "<group>"; };
		08F285631B060BA600131E73 /* Interpretador.class */ = {isa = PBXFileReference; lastKnownFileType = compiled.javaclass; path = Interpretador.class; sourceTree = "<group>"; };
		08F285641B060BA600131E73 /* Interpretador.java */ = {isa = PBXFileReference; lastKnownFileType = sourcecode.java; path = Interpretador.java; sourceTree = "<group>"; };
		08F285651B060BA600131E73 /* Laco.class */ = {isa = PBXFileReference; lastKnownFileType = compiled.javaclass; path = Laco.class; sourceTree = "<group>"; };
		08F285661B060BA600131E73 /* Laco.java */ = {isa = PBXFileReference; lastKnownFileType = sourcecode.java; path = Laco.java; sourceTree = "<group>"; };
		08F285671B060BA600131E73 /* Logicos.class */ = {isa = PBXFileReference; lastKnownFileType = compiled.javaclass; path = Logicos.class; sourceTree = "<group>"; };
		08F285681B060BA600131E73 /* Logicos.java */ = {isa = PBXFileReference; lastKnownFileType = sourcecode.java; path = Logicos.java; sourceTree = "<group>"; };
		08F285691B060BA600131E73 /* manifest.txt */ = {isa = PBXFileReference; lastKnownFileType = text; path = manifest.txt; sourceTree = "<group>"; };
		08F2856A1B060BA600131E73 /* Matematica.class */ = {isa = PBXFileReference; lastKnownFileType = compiled.javaclass; path = Matematica.class; sourceTree = "<group>"; };
		08F2856B1B060BA600131E73 /* Matematica.java */ = {isa = PBXFileReference; lastKnownFileType = sourcecode.java; path = Matematica.java; sourceTree = "<group>"; };
		08F2856C1B060BA600131E73 /* Scan.class */ = {isa = PBXFileReference; lastKnownFileType = compiled.javaclass; path = Scan.class; sourceTree = "<group>"; };
		08F2856D1B060BA600131E73 /* Scan.java */ = {isa = PBXFileReference; lastKnownFileType = sourcecode.java; path = Scan.java; sourceTree = "<group>"; };
		08F2856E1B060BA600131E73 /* Toy.class */ = {isa = PBXFileReference; lastKnownFileType = compiled.javaclass; path = Toy.class; sourceTree = "<group>"; };
		08F2856F1B060BA600131E73 /* Toy.jar */ = {isa = PBXFileReference; lastKnownFileType = archive.jar; path = Toy.jar; sourceTree = "<group>"; };
		08F285701B060BA600131E73 /* Toy.java */ = {isa = PBXFileReference; lastKnownFileType = sourcecode.java; path = Toy.java; sourceTree = "<group>"; };
		08F285711B060BA600131E73 /* Variavel.class */ = {isa = PBXFileReference; lastKnownFileType = compiled.javaclass; path = Variavel.class; sourceTree = "<group>"; };
		08F285721B060BA600131E73 /* Variavel.java */ = {isa = PBXFileReference; lastKnownFileType = sourcecode.java; path = Variavel.java; sourceTree = "<group>"; };
		08F285731B060BA600131E73 /* McToy.xcodeproj */ = {isa = PBXFileReference; lastKnownFileType = "wrapper.pb-project"; path = McToy.xcodeproj; sourceTree = "<group>"; };
		08F285761B060BA600131E73 /* Toy.jar */ = {isa = PBXFileReference; lastKnownFileType = archive.jar; path = Toy.jar; sourceTree = "<group>"; };
/* End PBXFileReference section */

/* Begin PBXGroup section */
		0811294B1AD6A05D00E616F4 /* testes */ = {
			isa = PBXGroup;
			children = (
				0811294C1AD6A05D00E616F4 /* Exemplo Interpretador */,
				081129511AD6A05D00E616F4 /* teste de leitura */,
				081129541AD6A05D00E616F4 /* tokanizer.java */,
			);
			path = testes;
			sourceTree = "<group>";
		};
		0811294C1AD6A05D00E616F4 /* Exemplo Interpretador */ = {
			isa = PBXGroup;
			children = (
				0811294D1AD6A05D00E616F4 /* Blah.java */,
				0811294E1AD6A05D00E616F4 /* Interpretador.java */,
				0811294F1AD6A05D00E616F4 /* teste.Blah */,
				081129501AD6A05D00E616F4 /* tokanizer.java */,
			);
			path = "Exemplo Interpretador";
			sourceTree = "<group>";
		};
		081129511AD6A05D00E616F4 /* teste de leitura */ = {
			isa = PBXGroup;
			children = (
				081129521AD6A05D00E616F4 /* McToy.java */,
				081129551AD6A42300E616F4 /* Main.java */,
				081129531AD6A05D00E616F4 /* teste.McToy */,
			);
			path = "teste de leitura";
			sourceTree = "<group>";
		};
		083EC2EE1AD462F20070632C = {
			isa = PBXGroup;
			children = (
				08F285511B060BA600131E73 /* McToy */,
				0811294B1AD6A05D00E616F4 /* testes */,
				083EC3001AD4648D0070632C /* Exemplos */,
				083EC2FD1AD464410070632C /* Fonte */,
			);
			sourceTree = "<group>";
		};
		083EC2FD1AD464410070632C /* Fonte */ = {
			isa = PBXGroup;
			children = (
				08F285501B060B3400131E73 /* Ex.Toy */,
				08F2854F1B05FA3500131E73 /* manifest.txt */,
				08BCBC201AD5692C001582C8 /* Toy.java */,
				08CB7D721B0035E0007EA6BE /* Scan.java */,
				08CB7D711AFFFDFC007EA6BE /* Amostra.java */,
				08EA67E21AE2876F00028556 /* Arquivador.java */,
				08BCBC211AD59D3A001582C8 /* Interpretador.java */,
				087FDE7B1AF3F526001BD252 /* Codigo.java */,
				08AB6C861AE90E4E0040158A /* Logicos.java */,
				0822E4D21AFCF712007D62AA /* Matematica.java */,
				0829296B1AE534BE009CB50E /* Variavel.java */,
				088BA7D71AFB84B100377F44 /* Fluxo.java */,
				08CB7D701AFFD999007EA6BE /* Laco.java */,
			);
			path = Fonte;
			sourceTree = "<group>";
		};
		083EC3001AD4648D0070632C /* Exemplos */ = {
			isa = PBXGroup;
			children = (
				0834D2D11B05760500DDC07E /* Ex1.Toy */,
				0834D2D41B05777500DDC07E /* Ex3.Toy */,
				0834D2D21B05763B00DDC07E /* Ex2.Toy */,
				0834D2D51B05783400DDC07E /* Ex4.Toy */,
			);
			path = Exemplos;
			sourceTree = "<group>";
		};
		08F285511B060BA600131E73 /* McToy */ = {
			isa = PBXGroup;
			children = (
				08F285521B060BA600131E73 /* Ex.Toy */,
				08F285531B060BA600131E73 /* Exemplos */,
				08F285591B060BA600131E73 /* Fonte */,
				08F285731B060BA600131E73 /* McToy.xcodeproj */,
				08F285761B060BA600131E73 /* Toy.jar */,
			);
			name = McToy;
			sourceTree = SOURCE_ROOT;
		};
		08F285531B060BA600131E73 /* Exemplos */ = {
			isa = PBXGroup;
			children = (
				08F285541B060BA600131E73 /* Ex1.Toy */,
				08F285551B060BA600131E73 /* Ex2.Toy */,
				08F285561B060BA600131E73 /* Ex3.Toy */,
				08F285571B060BA600131E73 /* Ex4.Toy */,
				08F285581B060BA600131E73 /* File */,
			);
			path = Exemplos;
			sourceTree = "<group>";
		};
		08F285591B060BA600131E73 /* Fonte */ = {
			isa = PBXGroup;
			children = (
				08F2855A1B060BA600131E73 /* Amostra.class */,
				08F2855B1B060BA600131E73 /* Amostra.java */,
				08F2855C1B060BA600131E73 /* Arquivador.class */,
				08F2855D1B060BA600131E73 /* Arquivador.java */,
				08F2855E1B060BA600131E73 /* Codigo.class */,
				08F2855F1B060BA600131E73 /* Codigo.java */,
				08F285601B060BA600131E73 /* Ex.Toy */,
				08F285611B060BA600131E73 /* Fluxo.class */,
				08F285621B060BA600131E73 /* Fluxo.java */,
				08F285631B060BA600131E73 /* Interpretador.class */,
				08F285641B060BA600131E73 /* Interpretador.java */,
				08F285651B060BA600131E73 /* Laco.class */,
				08F285661B060BA600131E73 /* Laco.java */,
				08F285671B060BA600131E73 /* Logicos.class */,
				08F285681B060BA600131E73 /* Logicos.java */,
				08F285691B060BA600131E73 /* manifest.txt */,
				08F2856A1B060BA600131E73 /* Matematica.class */,
				08F2856B1B060BA600131E73 /* Matematica.java */,
				08F2856C1B060BA600131E73 /* Scan.class */,
				08F2856D1B060BA600131E73 /* Scan.java */,
				08F2856E1B060BA600131E73 /* Toy.class */,
				08F2856F1B060BA600131E73 /* Toy.jar */,
				08F285701B060BA600131E73 /* Toy.java */,
				08F285711B060BA600131E73 /* Variavel.class */,
				08F285721B060BA600131E73 /* Variavel.java */,
			);
			path = Fonte;
			sourceTree = "<group>";
		};
		08F285741B060BA600131E73 /* Products */ = {
			isa = PBXGroup;
			name = Products;
			sourceTree = "<group>";
		};
/* End PBXGroup section */

/* Begin PBXProject section */
		083EC2EF1AD462F20070632C /* Project object */ = {
			isa = PBXProject;
			attributes = {
				LastUpgradeCheck = 0510;
			};
			buildConfigurationList = 083EC2F21AD462F20070632C /* Build configuration list for PBXProject "McToy" */;
			compatibilityVersion = "Xcode 3.2";
			developmentRegion = English;
			hasScannedForEncodings = 0;
			knownRegions = (
				en,
			);
			mainGroup = 083EC2EE1AD462F20070632C;
			projectDirPath = "";
			projectReferences = (
				{
					ProductGroup = 08F285741B060BA600131E73 /* Products */;
					ProjectRef = 08F285731B060BA600131E73 /* McToy.xcodeproj */;
				},
			);
			projectRoot = "";
			targets = (
			);
		};
/* End PBXProject section */

/* Begin XCBuildConfiguration section */
		083EC2F31AD462F20070632C /* Debug */ = {
			isa = XCBuildConfiguration;
			buildSettings = {
			};
			name = Debug;
		};
		083EC2F41AD462F20070632C /* Release */ = {
			isa = XCBuildConfiguration;
			buildSettings = {
			};
			name = Release;
		};
/* End XCBuildConfiguration section */

/* Begin XCConfigurationList section */
		083EC2F21AD462F20070632C /* Build configuration list for PBXProject "McToy" */ = {
			isa = XCConfigurationList;
			buildConfigurations = (
				083EC2F31AD462F20070632C /* Debug */,
				083EC2F41AD462F20070632C /* Release */,
			);
			defaultConfigurationIsVisible = 0;
			defaultConfigurationName = Release;
		};
/* End XCConfigurationList section */
	};
	rootObject = 083EC2EF1AD462F20070632C /* Project object */;
}
